<?xml version="1.0" encoding="utf-8"?>
<Project ToolsVersion="4.0" xmlns="http://schemas.microsoft.com/developer/msbuild/2003">
  <ItemGroup>
    <Filter Include="Fichiers sources">
      <UniqueIdentifier>{4FC737F1-C7A5-4376-A066-2A32D752A2FF}</UniqueIdentifier>
      <Extensions>cpp;c;cc;cxx;c++;cppm;ixx;def;odl;idl;hpj;bat;asm;asmx</Extensions>
    </Filter>
    <Filter Include="Fichiers d%27en-tête">
      <UniqueIdentifier>{93995380-89BD-4b04-88EB-625FBE52EBFB}</UniqueIdentifier>
      <Extensions>h;hh;hpp;hxx;h++;hm;inl;inc;ipp;xsd</Extensions>
    </Filter>
    <Filter Include="Fichiers de ressources">
      <UniqueIdentifier>{67DA6AB6-F800-4c08-8B7A-83BB121AAD01}</UniqueIdentifier>
      <Extensions>rc;ico;cur;bmp;dlg;rc2;rct;bin;rgs;gif;jpg;jpeg;jpe;resx;tiff;tif;png;wav;mfcribbon-ms</Extensions>
    </Filter>
    <Filter Include="Fichiers d%27en-tête\Tools">
      <UniqueIdentifier>{5b977c29-d754-457d-b178-d9da7429cb22}</UniqueIdentifier>
    </Filter>
    <Filter Include="Fichiers sources\Tools">
      <UniqueIdentifier>{9f044d30-45cd-4fe1-8c7f-6905a8e27cde}</UniqueIdentifier>
    </Filter>
    <Filter Include="Fichiers sources\Entities">
      <UniqueIdentifier>{29b3d584-7d7c-4b25-b831-39a7427aeb4c}</UniqueIdentifier>
    </Filter>
    <Filter Include="Fichiers d%27en-tête\Entities">
      <UniqueIdentifier>{8b03bb73-684d-4112-af4f-439945fd81f0}</UniqueIdentifier>
    </Filter>
    <Filter Include="Fichiers sources\Scenes">
      <UniqueIdentifier>{7ae33e0a-fb70-4e87-a378-6a66b7690dcd}</UniqueIdentifier>
    </Filter>
    <Filter Include="Fichiers d%27en-tête\Scenes">
      <UniqueIdentifier>{f2e4b595-a161-4342-92dc-4041963fda04}</UniqueIdentifier>
    </Filter>
  </ItemGroup>
  <ItemGroup>
    <ClCompile Include="main.c">
      <Filter>Fichiers sources</Filter>
    </ClCompile>
    <ClCompile Include="Map.c">
      <Filter>Fichiers sources\Tools</Filter>
    </ClCompile>
    <ClCompile Include="Player.c">
      <Filter>Fichiers sources\Entities</Filter>
    </ClCompile>
    <ClCompile Include="Camera.c">
      <Filter>Fichiers sources\Entities</Filter>
    </ClCompile>
    <ClCompile Include="Game.c">
      <Filter>Fichiers sources\Scenes</Filter>
    </ClCompile>
    <ClCompile Include="GameOver.c">
      <Filter>Fichiers sources\Scenes</Filter>
    </ClCompile>
    <ClCompile Include="Menu.c">
      <Filter>Fichiers sources\Scenes</Filter>
    </ClCompile>
    <ClCompile Include="GameState.c">
      <Filter>Fichiers sources\Tools</Filter>
    </ClCompile>
    <ClCompile Include="Animation.c">
      <Filter>Fichiers sources\Tools</Filter>
    </ClCompile>
    <ClCompile Include="Mob.c">
      <Filter>Fichiers sources\Entities</Filter>
    </ClCompile>
    <ClCompile Include="GameHUD.c">
      <Filter>Fichiers sources\Scenes</Filter>
    </ClCompile>
    <ClCompile Include="Save.c">
      <Filter>Fichiers sources\Tools</Filter>
    </ClCompile>
    <ClCompile Include="Key.c">
      <Filter>Fichiers sources\Entities</Filter>
    </ClCompile>
    <ClCompile Include="Collectibles.c">
      <Filter>Fichiers sources\Entities</Filter>
    </ClCompile>
    <ClCompile Include="Tool.c">
      <Filter>Fichiers sources</Filter>
    </ClCompile>
  </ItemGroup>
  <ItemGroup>
    <ClInclude Include="Common.h">
      <Filter>Fichiers d%27en-tête</Filter>
    </ClInclude>
    <ClInclude Include="GameState.h">
      <Filter>Fichiers d%27en-tête</Filter>
    </ClInclude>
    <ClInclude Include="cute_tiled.h">
      <Filter>Fichiers d%27en-tête\Tools</Filter>
    </ClInclude>
    <ClInclude Include="Map.h">
      <Filter>Fichiers d%27en-tête\Tools</Filter>
    </ClInclude>
    <ClInclude Include="Player.h">
      <Filter>Fichiers d%27en-tête\Entities</Filter>
    </ClInclude>
    <ClInclude Include="Camera.h">
      <Filter>Fichiers d%27en-tête\Entities</Filter>
    </ClInclude>
    <ClInclude Include="Game.h">
      <Filter>Fichiers d%27en-tête\Scenes</Filter>
    </ClInclude>
    <ClInclude Include="GameOver.h">
      <Filter>Fichiers d%27en-tête\Scenes</Filter>
    </ClInclude>
    <ClInclude Include="Menu.h">
      <Filter>Fichiers d%27en-tête\Scenes</Filter>
    </ClInclude>
    <ClInclude Include="Animation.h">
      <Filter>Fichiers d%27en-tête\Tools</Filter>
    </ClInclude>
    <ClInclude Include="Mob.h">
      <Filter>Fichiers d%27en-tête\Entities</Filter>
    </ClInclude>
    <ClInclude Include="GameHUD.h">
      <Filter>Fichiers d%27en-tête\Scenes</Filter>
    </ClInclude>
    <ClInclude Include="Save.h">
      <Filter>Fichiers d%27en-tête\Tools</Filter>
    </ClInclude>
    <ClInclude Include="Key.h">
      <Filter>Fichiers d%27en-tête\Tools</Filter>
    </ClInclude>
    <ClInclude Include="Collectibles.h">
      <Filter>Fichiers d%27en-tête\Entities</Filter>
    </ClInclude>
    <ClInclude Include="Tool.h">
      <Filter>Fichiers d%27en-tête\Tools</Filter>
    </ClInclude>
  </ItemGroup>
</Project>